
Microsoft Visual Studio Solution File, Format Version 12.00
# Visual Studio 15
VisualStudioVersion = 15.0.28307.421
MinimumVisualStudioVersion = 10.0.40219.1
Project("{9A19103F-16F7-4668-BE54-9A1E7A4F7556}") = "dal", "..\DAL\dal.csproj", "{CBA7FEBC-EE74-4A84-8B5F-0F29D364AE1C}"
EndProject
Project("{9A19103F-16F7-4668-BE54-9A1E7A4F7556}") = "BIL", "..\BIL\BIL.csproj", "{82C956B9-1583-4F37-A096-1CCC88D14449}"
EndProject
Project("{9A19103F-16F7-4668-BE54-9A1E7A4F7556}") = "api", "..\API\api.csproj", "{55CAE71C-2E44-48A8-B1C3-B05F519BFB8E}"
EndProject
Global
	GlobalSection(SolutionConfigurationPlatforms) = preSolution
		Debug|Any CPU = Debug|Any CPU
		Release|Any CPU = Release|Any CPU
	EndGlobalSection
	GlobalSection(ProjectConfigurationPlatforms) = postSolution
		{CBA7FEBC-EE74-4A84-8B5F-0F29D364AE1C}.Debug|Any CPU.ActiveCfg = Debug|Any CPU
		{CBA7FEBC-EE74-4A84-8B5F-0F29D364AE1C}.Debug|Any CPU.Build.0 = Debug|Any CPU
		{CBA7FEBC-EE74-4A84-8B5F-0F29D364AE1C}.Release|Any CPU.ActiveCfg = Release|Any CPU
		{CBA7FEBC-EE74-4A84-8B5F-0F29D364AE1C}.Release|Any CPU.Build.0 = Release|Any CPU
		{82C956B9-1583-4F37-A096-1CCC88D14449}.Debug|Any CPU.ActiveCfg = Debug|Any CPU
		{82C956B9-1583-4F37-A096-1CCC88D14449}.Debug|Any CPU.Build.0 = Debug|Any CPU
		{82C956B9-1583-4F37-A096-1CCC88D14449}.Release|Any CPU.ActiveCfg = Release|Any CPU
		{82C956B9-1583-4F37-A096-1CCC88D14449}.Release|Any CPU.Build.0 = Release|Any CPU
		{55CAE71C-2E44-48A8-B1C3-B05F519BFB8E}.Debug|Any CPU.ActiveCfg = Debug|Any CPU
		{55CAE71C-2E44-48A8-B1C3-B05F519BFB8E}.Debug|Any CPU.Build.0 = Debug|Any CPU
		{55CAE71C-2E44-48A8-B1C3-B05F519BFB8E}.Release|Any CPU.ActiveCfg = Release|Any CPU
		{55CAE71C-2E44-48A8-B1C3-B05F519BFB8E}.Release|Any CPU.Build.0 = Release|Any CPU
	EndGlobalSection
	GlobalSection(SolutionProperties) = preSolution
		HideSolutionNode = FALSE
	EndGlobalSection
	GlobalSection(ExtensibilityGlobals) = postSolution
		SolutionGuid = {F0A5286F-CF14-4520-9AD8-ED082186D1FB}
	EndGlobalSection
EndGlobal
